// !$*UTF8*$!
{
	archiveVersion = 1;
	classes = {
	};
	objectVersion = 56;
	objects = {

/* Begin PBXBuildFile section */
		654782D32BFF19C100018A55 /* AppDelegate.swift in Sources */ = {isa = PBXBuildFile; fileRef = 654782D22BFF19C100018A55 /* AppDelegate.swift */; };
		654782D52BFF19C100018A55 /* SceneDelegate.swift in Sources */ = {isa = PBXBuildFile; fileRef = 654782D42BFF19C100018A55 /* SceneDelegate.swift */; };
		654782DA2BFF19C100018A55 /* Main.storyboard in Resources */ = {isa = PBXBuildFile; fileRef = 654782D82BFF19C100018A55 /* Main.storyboard */; };
		654782DC2BFF19C300018A55 /* Assets.xcassets in Resources */ = {isa = PBXBuildFile; fileRef = 654782DB2BFF19C300018A55 /* Assets.xcassets */; };
		654782DF2BFF19C300018A55 /* LaunchScreen.storyboard in Resources */ = {isa = PBXBuildFile; fileRef = 654782DD2BFF19C300018A55 /* LaunchScreen.storyboard */; };
		654782E82BFF19F900018A55 /* StartVC.swift in Sources */ = {isa = PBXBuildFile; fileRef = 654782E72BFF19F900018A55 /* StartVC.swift */; };
		654782EA2BFF1AED00018A55 /* GeneralVC.swift in Sources */ = {isa = PBXBuildFile; fileRef = 654782E92BFF1AED00018A55 /* GeneralVC.swift */; };
		654782EC2BFF1B2F00018A55 /* AddMedicationsVC.swift in Sources */ = {isa = PBXBuildFile; fileRef = 654782EB2BFF1B2F00018A55 /* AddMedicationsVC.swift */; };
		654782F12BFF1C9600018A55 /* DateFormatter.swift in Sources */ = {isa = PBXBuildFile; fileRef = 654782F02BFF1C9600018A55 /* DateFormatter.swift */; };
		654782F62BFF1EB700018A55 /* GeneralTableViewCell.swift in Sources */ = {isa = PBXBuildFile; fileRef = 654782F52BFF1EB700018A55 /* GeneralTableViewCell.swift */; };
		654782F92BFF20E100018A55 /* TableViewDataSource.swift in Sources */ = {isa = PBXBuildFile; fileRef = 654782F82BFF20E100018A55 /* TableViewDataSource.swift */; };
		654782FC2BFF21AD00018A55 /* TableViewDelegate.swift in Sources */ = {isa = PBXBuildFile; fileRef = 654782FB2BFF21AD00018A55 /* TableViewDelegate.swift */; };
		654782FF2BFF21E800018A55 /* PillModel.swift in Sources */ = {isa = PBXBuildFile; fileRef = 654782FE2BFF21E800018A55 /* PillModel.swift */; };
		654783012BFF220500018A55 /* ProfileModel.swift in Sources */ = {isa = PBXBuildFile; fileRef = 654783002BFF220500018A55 /* ProfileModel.swift */; };
		654783042C03D52000018A55 /* UIButton+style.swift in Sources */ = {isa = PBXBuildFile; fileRef = 654783032C03D52000018A55 /* UIButton+style.swift */; };
		657D4D392C450DB90056871A /* DataManager.swift in Sources */ = {isa = PBXBuildFile; fileRef = 657D4D382C450DB90056871A /* DataManager.swift */; };
		658AB58B2C07A79700ADCE53 /* PillsDetailView.swift in Sources */ = {isa = PBXBuildFile; fileRef = 658AB58A2C07A79700ADCE53 /* PillsDetailView.swift */; };
		658AB58D2C07A7A800ADCE53 /* PillsDetailPresenter.swift in Sources */ = {isa = PBXBuildFile; fileRef = 658AB58C2C07A7A800ADCE53 /* PillsDetailPresenter.swift */; };
		658AB58F2C07A7B500ADCE53 /* PillsDetailModel.swift in Sources */ = {isa = PBXBuildFile; fileRef = 658AB58E2C07A7B500ADCE53 /* PillsDetailModel.swift */; };
		658AB5912C07A7C500ADCE53 /* PillsDetailCoordinator.swift in Sources */ = {isa = PBXBuildFile; fileRef = 658AB5902C07A7C500ADCE53 /* PillsDetailCoordinator.swift */; };
		658AB5932C07A7D800ADCE53 /* PillsDetailFactory.swift in Sources */ = {isa = PBXBuildFile; fileRef = 658AB5922C07A7D800ADCE53 /* PillsDetailFactory.swift */; };
		65BDC9112C4300B0003239DA /* RealmPillsModels.swift in Sources */ = {isa = PBXBuildFile; fileRef = 65BDC9102C4300B0003239DA /* RealmPillsModels.swift */; };
		6D68EAF08284E960354FE657 /* Pods_Pill_Reminder.framework in Frameworks */ = {isa = PBXBuildFile; fileRef = 6B64651FFA5ACBBE4F605652 /* Pods_Pill_Reminder.framework */; };
/* End PBXBuildFile section */

/* Begin PBXFileReference section */
		457752E17F222E8DC60563AF /* Pods-Pill_Reminder.debug.xcconfig */ = {isa = PBXFileReference; includeInIndex = 1; lastKnownFileType = text.xcconfig; name = "Pods-Pill_Reminder.debug.xcconfig"; path = "Target Support Files/Pods-Pill_Reminder/Pods-Pill_Reminder.debug.xcconfig"; sourceTree = "<group>"; };
		654782CF2BFF19C100018A55 /* Pill_Reminder.app */ = {isa = PBXFileReference; explicitFileType = wrapper.application; includeInIndex = 0; path = Pill_Reminder.app; sourceTree = BUILT_PRODUCTS_DIR; };
		654782D22BFF19C100018A55 /* AppDelegate.swift */ = {isa = PBXFileReference; lastKnownFileType = sourcecode.swift; path = AppDelegate.swift; sourceTree = "<group>"; };
		654782D42BFF19C100018A55 /* SceneDelegate.swift */ = {isa = PBXFileReference; lastKnownFileType = sourcecode.swift; path = SceneDelegate.swift; sourceTree = "<group>"; };
		654782D92BFF19C100018A55 /* Base */ = {isa = PBXFileReference; lastKnownFileType = file.storyboard; name = Base; path = Base.lproj/Main.storyboard; sourceTree = "<group>"; };
		654782DB2BFF19C300018A55 /* Assets.xcassets */ = {isa = PBXFileReference; lastKnownFileType = folder.assetcatalog; path = Assets.xcassets; sourceTree = "<group>"; };
		654782DE2BFF19C300018A55 /* Base */ = {isa = PBXFileReference; lastKnownFileType = file.storyboard; name = Base; path = Base.lproj/LaunchScreen.storyboard; sourceTree = "<group>"; };
		654782E02BFF19C300018A55 /* Info.plist */ = {isa = PBXFileReference; lastKnownFileType = text.plist.xml; path = Info.plist; sourceTree = "<group>"; };
		654782E72BFF19F900018A55 /* StartVC.swift */ = {isa = PBXFileReference; lastKnownFileType = sourcecode.swift; path = StartVC.swift; sourceTree = "<group>"; };
		654782E92BFF1AED00018A55 /* GeneralVC.swift */ = {isa = PBXFileReference; lastKnownFileType = sourcecode.swift; path = GeneralVC.swift; sourceTree = "<group>"; };
		654782EB2BFF1B2F00018A55 /* AddMedicationsVC.swift */ = {isa = PBXFileReference; lastKnownFileType = sourcecode.swift; path = AddMedicationsVC.swift; sourceTree = "<group>"; };
		654782F02BFF1C9600018A55 /* DateFormatter.swift */ = {isa = PBXFileReference; lastKnownFileType = sourcecode.swift; path = DateFormatter.swift; sourceTree = "<group>"; };
		654782F52BFF1EB700018A55 /* GeneralTableViewCell.swift */ = {isa = PBXFileReference; lastKnownFileType = sourcecode.swift; path = GeneralTableViewCell.swift; sourceTree = "<group>"; };
		654782F82BFF20E100018A55 /* TableViewDataSource.swift */ = {isa = PBXFileReference; lastKnownFileType = sourcecode.swift; path = TableViewDataSource.swift; sourceTree = "<group>"; };
		654782FB2BFF21AD00018A55 /* TableViewDelegate.swift */ = {isa = PBXFileReference; lastKnownFileType = sourcecode.swift; path = TableViewDelegate.swift; sourceTree = "<group>"; };
		654782FE2BFF21E800018A55 /* PillModel.swift */ = {isa = PBXFileReference; lastKnownFileType = sourcecode.swift; path = PillModel.swift; sourceTree = "<group>"; };
		654783002BFF220500018A55 /* ProfileModel.swift */ = {isa = PBXFileReference; lastKnownFileType = sourcecode.swift; path = ProfileModel.swift; sourceTree = "<group>"; };
		654783032C03D52000018A55 /* UIButton+style.swift */ = {isa = PBXFileReference; lastKnownFileType = sourcecode.swift; path = "UIButton+style.swift"; sourceTree = "<group>"; };
		657D4D382C450DB90056871A /* DataManager.swift */ = {isa = PBXFileReference; lastKnownFileType = sourcecode.swift; path = DataManager.swift; sourceTree = "<group>"; };
		658AB58A2C07A79700ADCE53 /* PillsDetailView.swift */ = {isa = PBXFileReference; lastKnownFileType = sourcecode.swift; path = PillsDetailView.swift; sourceTree = "<group>"; };
		658AB58C2C07A7A800ADCE53 /* PillsDetailPresenter.swift */ = {isa = PBXFileReference; lastKnownFileType = sourcecode.swift; path = PillsDetailPresenter.swift; sourceTree = "<group>"; };
		658AB58E2C07A7B500ADCE53 /* PillsDetailModel.swift */ = {isa = PBXFileReference; lastKnownFileType = sourcecode.swift; path = PillsDetailModel.swift; sourceTree = "<group>"; };
		658AB5902C07A7C500ADCE53 /* PillsDetailCoordinator.swift */ = {isa = PBXFileReference; lastKnownFileType = sourcecode.swift; path = PillsDetailCoordinator.swift; sourceTree = "<group>"; };
		658AB5922C07A7D800ADCE53 /* PillsDetailFactory.swift */ = {isa = PBXFileReference; lastKnownFileType = sourcecode.swift; path = PillsDetailFactory.swift; sourceTree = "<group>"; };
		65BDC9102C4300B0003239DA /* RealmPillsModels.swift */ = {isa = PBXFileReference; lastKnownFileType = sourcecode.swift; path = RealmPillsModels.swift; sourceTree = "<group>"; };
		6B64651FFA5ACBBE4F605652 /* Pods_Pill_Reminder.framework */ = {isa = PBXFileReference; explicitFileType = wrapper.framework; includeInIndex = 0; path = Pods_Pill_Reminder.framework; sourceTree = BUILT_PRODUCTS_DIR; };
		74178BB02A19391E9903A000 /* Pods-Pill_Reminder.release.xcconfig */ = {isa = PBXFileReference; includeInIndex = 1; lastKnownFileType = text.xcconfig; name = "Pods-Pill_Reminder.release.xcconfig"; path = "Target Support Files/Pods-Pill_Reminder/Pods-Pill_Reminder.release.xcconfig"; sourceTree = "<group>"; };
/* End PBXFileReference section */

/* Begin PBXFrameworksBuildPhase section */
		654782CC2BFF19C100018A55 /* Frameworks */ = {
			isa = PBXFrameworksBuildPhase;
			buildActionMask = 2147483647;
			files = (
				6D68EAF08284E960354FE657 /* Pods_Pill_Reminder.framework in Frameworks */,
			);
			runOnlyForDeploymentPostprocessing = 0;
		};
/* End PBXFrameworksBuildPhase section */

/* Begin PBXGroup section */
		5BB3C48AF78A310A84503444 /* Frameworks */ = {
			isa = PBXGroup;
			children = (
				6B64651FFA5ACBBE4F605652 /* Pods_Pill_Reminder.framework */,
			);
			name = Frameworks;
			sourceTree = "<group>";
		};
		654782C62BFF19C100018A55 = {
			isa = PBXGroup;
			children = (
				654782D12BFF19C100018A55 /* Pill_Reminder */,
				654782D02BFF19C100018A55 /* Products */,
				AD02E454C9A6736DE493662E /* Pods */,
				5BB3C48AF78A310A84503444 /* Frameworks */,
			);
			sourceTree = "<group>";
		};
		654782D02BFF19C100018A55 /* Products */ = {
			isa = PBXGroup;
			children = (
				654782CF2BFF19C100018A55 /* Pill_Reminder.app */,
			);
			name = Products;
			sourceTree = "<group>";
		};
		654782D12BFF19C100018A55 /* Pill_Reminder */ = {
			isa = PBXGroup;
			children = (
				658AB5882C07A74F00ADCE53 /* Screens */,
				654782FD2BFF21DB00018A55 /* Model */,
				65BDC90E2C42F4FB003239DA /* DataBase */,
				654782EF2BFF1C7F00018A55 /* Extensions */,
				654782D22BFF19C100018A55 /* AppDelegate.swift */,
				654782D42BFF19C100018A55 /* SceneDelegate.swift */,
				654782D82BFF19C100018A55 /* Main.storyboard */,
				654782DB2BFF19C300018A55 /* Assets.xcassets */,
				654782DD2BFF19C300018A55 /* LaunchScreen.storyboard */,
				654782E02BFF19C300018A55 /* Info.plist */,
			);
			path = Pill_Reminder;
			sourceTree = "<group>";
		};
		654782E62BFF19E500018A55 /* ViewControllers */ = {
			isa = PBXGroup;
			children = (
				654782F22BFF1E7C00018A55 /* GeneralVC */,
				65F3E7C52C35D6A200C152A2 /* AddMedicationsVC */,
				658AB5892C07A75A00ADCE53 /* PillsDetailVC */,
				65980E672C4829A600F23EB6 /* StartVC */,
			);
			path = ViewControllers;
			sourceTree = "<group>";
		};
		654782EF2BFF1C7F00018A55 /* Extensions */ = {
			isa = PBXGroup;
			children = (
				654783022C03C01300018A55 /* DateFormatter */,
				654783032C03D52000018A55 /* UIButton+style.swift */,
			);
			path = Extensions;
			sourceTree = "<group>";
		};
		654782F22BFF1E7C00018A55 /* GeneralVC */ = {
			isa = PBXGroup;
			children = (
				654782F32BFF1E8B00018A55 /* TableView */,
				654782E92BFF1AED00018A55 /* GeneralVC.swift */,
			);
			path = GeneralVC;
			sourceTree = "<group>";
		};
		654782F32BFF1E8B00018A55 /* TableView */ = {
			isa = PBXGroup;
			children = (
				654782FA2BFF21A400018A55 /* TableViewDelegate */,
				654782F72BFF20D900018A55 /* TableViewDataSource */,
				654782F42BFF1E9C00018A55 /* Cell */,
			);
			path = TableView;
			sourceTree = "<group>";
		};
		654782F42BFF1E9C00018A55 /* Cell */ = {
			isa = PBXGroup;
			children = (
				654782F52BFF1EB700018A55 /* GeneralTableViewCell.swift */,
			);
			path = Cell;
			sourceTree = "<group>";
		};
		654782F72BFF20D900018A55 /* TableViewDataSource */ = {
			isa = PBXGroup;
			children = (
				654782F82BFF20E100018A55 /* TableViewDataSource.swift */,
			);
			path = TableViewDataSource;
			sourceTree = "<group>";
		};
		654782FA2BFF21A400018A55 /* TableViewDelegate */ = {
			isa = PBXGroup;
			children = (
				654782FB2BFF21AD00018A55 /* TableViewDelegate.swift */,
			);
			path = TableViewDelegate;
			sourceTree = "<group>";
		};
		654782FD2BFF21DB00018A55 /* Model */ = {
			isa = PBXGroup;
			children = (
				654782FE2BFF21E800018A55 /* PillModel.swift */,
				654783002BFF220500018A55 /* ProfileModel.swift */,
			);
			path = Model;
			sourceTree = "<group>";
		};
		654783022C03C01300018A55 /* DateFormatter */ = {
			isa = PBXGroup;
			children = (
				654782F02BFF1C9600018A55 /* DateFormatter.swift */,
			);
			path = DateFormatter;
			sourceTree = "<group>";
		};
		657D4D3A2C450DC40056871A /* DataManager */ = {
			isa = PBXGroup;
			children = (
				657D4D382C450DB90056871A /* DataManager.swift */,
			);
			path = DataManager;
			sourceTree = "<group>";
		};
		658AB5882C07A74F00ADCE53 /* Screens */ = {
			isa = PBXGroup;
			children = (
				654782E62BFF19E500018A55 /* ViewControllers */,
			);
			path = Screens;
			sourceTree = "<group>";
		};
		658AB5892C07A75A00ADCE53 /* PillsDetailVC */ = {
			isa = PBXGroup;
			children = (
				658AB58A2C07A79700ADCE53 /* PillsDetailView.swift */,
				658AB58C2C07A7A800ADCE53 /* PillsDetailPresenter.swift */,
				658AB58E2C07A7B500ADCE53 /* PillsDetailModel.swift */,
				658AB5902C07A7C500ADCE53 /* PillsDetailCoordinator.swift */,
				658AB5922C07A7D800ADCE53 /* PillsDetailFactory.swift */,
			);
			path = PillsDetailVC;
			sourceTree = "<group>";
		};
		65980E672C4829A600F23EB6 /* StartVC */ = {
			isa = PBXGroup;
			children = (
				654782E72BFF19F900018A55 /* StartVC.swift */,
			);
			path = StartVC;
			sourceTree = "<group>";
		};
		65BDC90E2C42F4FB003239DA /* DataBase */ = {
			isa = PBXGroup;
			children = (
				657D4D3A2C450DC40056871A /* DataManager */,
				65BDC90F2C42F50D003239DA /* Models */,
			);
			path = DataBase;
			sourceTree = "<group>";
		};
		65BDC90F2C42F50D003239DA /* Models */ = {
			isa = PBXGroup;
			children = (
				65BDC9102C4300B0003239DA /* RealmPillsModels.swift */,
			);
			path = Models;
			sourceTree = "<group>";
		};
		65F3E7C52C35D6A200C152A2 /* AddMedicationsVC */ = {
			isa = PBXGroup;
			children = (
				654782EB2BFF1B2F00018A55 /* AddMedicationsVC.swift */,
			);
			path = AddMedicationsVC;
			sourceTree = "<group>";
		};
		AD02E454C9A6736DE493662E /* Pods */ = {
			isa = PBXGroup;
			children = (
				457752E17F222E8DC60563AF /* Pods-Pill_Reminder.debug.xcconfig */,
				74178BB02A19391E9903A000 /* Pods-Pill_Reminder.release.xcconfig */,
			);
			path = Pods;
			sourceTree = "<group>";
		};
/* End PBXGroup section */

/* Begin PBXNativeTarget section */
		654782CE2BFF19C100018A55 /* Pill_Reminder */ = {
			isa = PBXNativeTarget;
			buildConfigurationList = 654782E32BFF19C300018A55 /* Build configuration list for PBXNativeTarget "Pill_Reminder" */;
			buildPhases = (
				62B81EE31D66C42A342E4E23 /* [CP] Check Pods Manifest.lock */,
				654782CB2BFF19C100018A55 /* Sources */,
				654782CC2BFF19C100018A55 /* Frameworks */,
				654782CD2BFF19C100018A55 /* Resources */,
				0D4609696EAA80B3B1BC7841 /* [CP] Embed Pods Frameworks */,
			);
			buildRules = (
			);
			dependencies = (
			);
			name = Pill_Reminder;
			productName = Pill_Reminder;
			productReference = 654782CF2BFF19C100018A55 /* Pill_Reminder.app */;
			productType = "com.apple.product-type.application";
		};
/* End PBXNativeTarget section */

/* Begin PBXProject section */
		654782C72BFF19C100018A55 /* Project object */ = {
			isa = PBXProject;
			attributes = {
				BuildIndependentTargetsInParallel = 1;
				LastSwiftUpdateCheck = 1520;
				LastUpgradeCheck = 1520;
				TargetAttributes = {
					654782CE2BFF19C100018A55 = {
						CreatedOnToolsVersion = 15.2;
					};
				};
			};
			buildConfigurationList = 654782CA2BFF19C100018A55 /* Build configuration list for PBXProject "Pill_Reminder" */;
			compatibilityVersion = "Xcode 14.0";
			developmentRegion = en;
			hasScannedForEncodings = 0;
			knownRegions = (
				en,
				Base,
			);
			mainGroup = 654782C62BFF19C100018A55;
			productRefGroup = 654782D02BFF19C100018A55 /* Products */;
			projectDirPath = "";
			projectRoot = "";
			targets = (
				654782CE2BFF19C100018A55 /* Pill_Reminder */,
			);
		};
/* End PBXProject section */

/* Begin PBXResourcesBuildPhase section */
		654782CD2BFF19C100018A55 /* Resources */ = {
			isa = PBXResourcesBuildPhase;
			buildActionMask = 2147483647;
			files = (
				654782DF2BFF19C300018A55 /* LaunchScreen.storyboard in Resources */,
				654782DC2BFF19C300018A55 /* Assets.xcassets in Resources */,
				654782DA2BFF19C100018A55 /* Main.storyboard in Resources */,
			);
			runOnlyForDeploymentPostprocessing = 0;
		};
/* End PBXResourcesBuildPhase section */

/* Begin PBXShellScriptBuildPhase section */
		0D4609696EAA80B3B1BC7841 /* [CP] Embed Pods Frameworks */ = {
			isa = PBXShellScriptBuildPhase;
			buildActionMask = 2147483647;
			files = (
			);
			inputFileListPaths = (
				"${PODS_ROOT}/Target Support Files/Pods-Pill_Reminder/Pods-Pill_Reminder-frameworks-${CONFIGURATION}-input-files.xcfilelist",
			);
			name = "[CP] Embed Pods Frameworks";
			outputFileListPaths = (
				"${PODS_ROOT}/Target Support Files/Pods-Pill_Reminder/Pods-Pill_Reminder-frameworks-${CONFIGURATION}-output-files.xcfilelist",
			);
			runOnlyForDeploymentPostprocessing = 0;
			shellPath = /bin/sh;
			shellScript = "\"${PODS_ROOT}/Target Support Files/Pods-Pill_Reminder/Pods-Pill_Reminder-frameworks.sh\"\n";
			showEnvVarsInLog = 0;
		};
		62B81EE31D66C42A342E4E23 /* [CP] Check Pods Manifest.lock */ = {
			isa = PBXShellScriptBuildPhase;
			buildActionMask = 2147483647;
			files = (
			);
			inputFileListPaths = (
			);
			inputPaths = (
				"${PODS_PODFILE_DIR_PATH}/Podfile.lock",
				"${PODS_ROOT}/Manifest.lock",
			);
			name = "[CP] Check Pods Manifest.lock";
			outputFileListPaths = (
			);
			outputPaths = (
				"$(DERIVED_FILE_DIR)/Pods-Pill_Reminder-checkManifestLockResult.txt",
			);
			runOnlyForDeploymentPostprocessing = 0;
			shellPath = /bin/sh;
			shellScript = "diff \"${PODS_PODFILE_DIR_PATH}/Podfile.lock\" \"${PODS_ROOT}/Manifest.lock\" > /dev/null\nif [ $? != 0 ] ; then\n    # print error to STDERR\n    echo \"error: The sandbox is not in sync with the Podfile.lock. Run 'pod install' or update your CocoaPods installation.\" >&2\n    exit 1\nfi\n# This output is used by Xcode 'outputs' to avoid re-running this script phase.\necho \"SUCCESS\" > \"${SCRIPT_OUTPUT_FILE_0}\"\n";
			showEnvVarsInLog = 0;
		};
/* End PBXShellScriptBuildPhase section */

/* Begin PBXSourcesBuildPhase section */
		654782CB2BFF19C100018A55 /* Sources */ = {
			isa = PBXSourcesBuildPhase;
			buildActionMask = 2147483647;
			files = (
				654782F12BFF1C9600018A55 /* DateFormatter.swift in Sources */,
				654783042C03D52000018A55 /* UIButton+style.swift in Sources */,
				658AB5912C07A7C500ADCE53 /* PillsDetailCoordinator.swift in Sources */,
				658AB5932C07A7D800ADCE53 /* PillsDetailFactory.swift in Sources */,
				658AB58F2C07A7B500ADCE53 /* PillsDetailModel.swift in Sources */,
				654782D32BFF19C100018A55 /* AppDelegate.swift in Sources */,
				654782F92BFF20E100018A55 /* TableViewDataSource.swift in Sources */,
				654783012BFF220500018A55 /* ProfileModel.swift in Sources */,
				654782EA2BFF1AED00018A55 /* GeneralVC.swift in Sources */,
				658AB58B2C07A79700ADCE53 /* PillsDetailView.swift in Sources */,
				654782EC2BFF1B2F00018A55 /* AddMedicationsVC.swift in Sources */,
				658AB58D2C07A7A800ADCE53 /* PillsDetailPresenter.swift in Sources */,
				654782D52BFF19C100018A55 /* SceneDelegate.swift in Sources */,
				654782E82BFF19F900018A55 /* StartVC.swift in Sources */,
				657D4D392C450DB90056871A /* DataManager.swift in Sources */,
				65BDC9112C4300B0003239DA /* RealmPillsModels.swift in Sources */,
				654782FC2BFF21AD00018A55 /* TableViewDelegate.swift in Sources */,
				654782FF2BFF21E800018A55 /* PillModel.swift in Sources */,
				654782F62BFF1EB700018A55 /* GeneralTableViewCell.swift in Sources */,
			);
			runOnlyForDeploymentPostprocessing = 0;
		};
/* End PBXSourcesBuildPhase section */

/* Begin PBXVariantGroup section */
		654782D82BFF19C100018A55 /* Main.storyboard */ = {
			isa = PBXVariantGroup;
			children = (
				654782D92BFF19C100018A55 /* Base */,
			);
			name = Main.storyboard;
			sourceTree = "<group>";
		};
		654782DD2BFF19C300018A55 /* LaunchScreen.storyboard */ = {
			isa = PBXVariantGroup;
			children = (
				654782DE2BFF19C300018A55 /* Base */,
			);
			name = LaunchScreen.storyboard;
			sourceTree = "<group>";
		};
/* End PBXVariantGroup section */

/* Begin XCBuildConfiguration section */
		654782E12BFF19C300018A55 /* Debug */ = {
			isa = XCBuildConfiguration;
			buildSettings = {
				ALWAYS_SEARCH_USER_PATHS = NO;
				ASSETCATALOG_COMPILER_GENERATE_SWIFT_ASSET_SYMBOL_EXTENSIONS = YES;
				CLANG_ANALYZER_NONNULL = YES;
				CLANG_ANALYZER_NUMBER_OBJECT_CONVERSION = YES_AGGRESSIVE;
				CLANG_CXX_LANGUAGE_STANDARD = "gnu++20";
				CLANG_ENABLE_MODULES = YES;
				CLANG_ENABLE_OBJC_ARC = YES;
				CLANG_ENABLE_OBJC_WEAK = YES;
				CLANG_WARN_BLOCK_CAPTURE_AUTORELEASING = YES;
				CLANG_WARN_BOOL_CONVERSION = YES;
				CLANG_WARN_COMMA = YES;
				CLANG_WARN_CONSTANT_CONVERSION = YES;
				CLANG_WARN_DEPRECATED_OBJC_IMPLEMENTATIONS = YES;
				CLANG_WARN_DIRECT_OBJC_ISA_USAGE = YES_ERROR;
				CLANG_WARN_DOCUMENTATION_COMMENTS = YES;
				CLANG_WARN_EMPTY_BODY = YES;
				CLANG_WARN_ENUM_CONVERSION = YES;
				CLANG_WARN_INFINITE_RECURSION = YES;
				CLANG_WARN_INT_CONVERSION = YES;
				CLANG_WARN_NON_LITERAL_NULL_CONVERSION = YES;
				CLANG_WARN_OBJC_IMPLICIT_RETAIN_SELF = YES;
				CLANG_WARN_OBJC_LITERAL_CONVERSION = YES;
				CLANG_WARN_OBJC_ROOT_CLASS = YES_ERROR;
				CLANG_WARN_QUOTED_INCLUDE_IN_FRAMEWORK_HEADER = YES;
				CLANG_WARN_RANGE_LOOP_ANALYSIS = YES;
				CLANG_WARN_STRICT_PROTOTYPES = YES;
				CLANG_WARN_SUSPICIOUS_MOVE = YES;
				CLANG_WARN_UNGUARDED_AVAILABILITY = YES_AGGRESSIVE;
				CLANG_WARN_UNREACHABLE_CODE = YES;
				CLANG_WARN__DUPLICATE_METHOD_MATCH = YES;
				COPY_PHASE_STRIP = NO;
				DEBUG_INFORMATION_FORMAT = dwarf;
				ENABLE_STRICT_OBJC_MSGSEND = YES;
				ENABLE_TESTABILITY = YES;
				ENABLE_USER_SCRIPT_SANDBOXING = YES;
				GCC_C_LANGUAGE_STANDARD = gnu17;
				GCC_DYNAMIC_NO_PIC = NO;
				GCC_NO_COMMON_BLOCKS = YES;
				GCC_OPTIMIZATION_LEVEL = 0;
				GCC_PREPROCESSOR_DEFINITIONS = (
					"DEBUG=1",
					"$(inherited)",
				);
				GCC_WARN_64_TO_32_BIT_CONVERSION = YES;
				GCC_WARN_ABOUT_RETURN_TYPE = YES_ERROR;
				GCC_WARN_UNDECLARED_SELECTOR = YES;
				GCC_WARN_UNINITIALIZED_AUTOS = YES_AGGRESSIVE;
				GCC_WARN_UNUSED_FUNCTION = YES;
				GCC_WARN_UNUSED_VARIABLE = YES;
				IPHONEOS_DEPLOYMENT_TARGET = 17.2;
				LOCALIZATION_PREFERS_STRING_CATALOGS = YES;
				MTL_ENABLE_DEBUG_INFO = INCLUDE_SOURCE;
				MTL_FAST_MATH = YES;
				ONLY_ACTIVE_ARCH = YES;
				SDKROOT = iphoneos;
				SWIFT_ACTIVE_COMPILATION_CONDITIONS = "DEBUG $(inherited)";
				SWIFT_OPTIMIZATION_LEVEL = "-Onone";
			};
			name = Debug;
		};
		654782E22BFF19C300018A55 /* Release */ = {
			isa = XCBuildConfiguration;
			buildSettings = {
				ALWAYS_SEARCH_USER_PATHS = NO;
				ASSETCATALOG_COMPILER_GENERATE_SWIFT_ASSET_SYMBOL_EXTENSIONS = YES;
				CLANG_ANALYZER_NONNULL = YES;
				CLANG_ANALYZER_NUMBER_OBJECT_CONVERSION = YES_AGGRESSIVE;
				CLANG_CXX_LANGUAGE_STANDARD = "gnu++20";
				CLANG_ENABLE_MODULES = YES;
				CLANG_ENABLE_OBJC_ARC = YES;
				CLANG_ENABLE_OBJC_WEAK = YES;
				CLANG_WARN_BLOCK_CAPTURE_AUTORELEASING = YES;
				CLANG_WARN_BOOL_CONVERSION = YES;
				CLANG_WARN_COMMA = YES;
				CLANG_WARN_CONSTANT_CONVERSION = YES;
				CLANG_WARN_DEPRECATED_OBJC_IMPLEMENTATIONS = YES;
				CLANG_WARN_DIRECT_OBJC_ISA_USAGE = YES_ERROR;
				CLANG_WARN_DOCUMENTATION_COMMENTS = YES;
				CLANG_WARN_EMPTY_BODY = YES;
				CLANG_WARN_ENUM_CONVERSION = YES;
				CLANG_WARN_INFINITE_RECURSION = YES;
				CLANG_WARN_INT_CONVERSION = YES;
				CLANG_WARN_NON_LITERAL_NULL_CONVERSION = YES;
				CLANG_WARN_OBJC_IMPLICIT_RETAIN_SELF = YES;
				CLANG_WARN_OBJC_LITERAL_CONVERSION = YES;
				CLANG_WARN_OBJC_ROOT_CLASS = YES_ERROR;
				CLANG_WARN_QUOTED_INCLUDE_IN_FRAMEWORK_HEADER = YES;
				CLANG_WARN_RANGE_LOOP_ANALYSIS = YES;
				CLANG_WARN_STRICT_PROTOTYPES = YES;
				CLANG_WARN_SUSPICIOUS_MOVE = YES;
				CLANG_WARN_UNGUARDED_AVAILABILITY = YES_AGGRESSIVE;
				CLANG_WARN_UNREACHABLE_CODE = YES;
				CLANG_WARN__DUPLICATE_METHOD_MATCH = YES;
				COPY_PHASE_STRIP = NO;
				DEBUG_INFORMATION_FORMAT = "dwarf-with-dsym";
				ENABLE_NS_ASSERTIONS = NO;
				ENABLE_STRICT_OBJC_MSGSEND = YES;
				ENABLE_USER_SCRIPT_SANDBOXING = YES;
				GCC_C_LANGUAGE_STANDARD = gnu17;
				GCC_NO_COMMON_BLOCKS = YES;
				GCC_WARN_64_TO_32_BIT_CONVERSION = YES;
				GCC_WARN_ABOUT_RETURN_TYPE = YES_ERROR;
				GCC_WARN_UNDECLARED_SELECTOR = YES;
				GCC_WARN_UNINITIALIZED_AUTOS = YES_AGGRESSIVE;
				GCC_WARN_UNUSED_FUNCTION = YES;
				GCC_WARN_UNUSED_VARIABLE = YES;
				IPHONEOS_DEPLOYMENT_TARGET = 17.2;
				LOCALIZATION_PREFERS_STRING_CATALOGS = YES;
				MTL_ENABLE_DEBUG_INFO = NO;
				MTL_FAST_MATH = YES;
				SDKROOT = iphoneos;
				SWIFT_COMPILATION_MODE = wholemodule;
				VALIDATE_PRODUCT = YES;
			};
			name = Release;
		};
		654782E42BFF19C300018A55 /* Debug */ = {
			isa = XCBuildConfiguration;
			baseConfigurationReference = 457752E17F222E8DC60563AF /* Pods-Pill_Reminder.debug.xcconfig */;
			buildSettings = {
				ASSETCATALOG_COMPILER_APPICON_NAME = AppIcon;
				ASSETCATALOG_COMPILER_GLOBAL_ACCENT_COLOR_NAME = AccentColor;
				CODE_SIGN_STYLE = Automatic;
				CURRENT_PROJECT_VERSION = 1;
				DEVELOPMENT_TEAM = TM9C7U8JJD;
				ENABLE_USER_SCRIPT_SANDBOXING = NO;
				GENERATE_INFOPLIST_FILE = YES;
				INFOPLIST_FILE = Pill_Reminder/Info.plist;
				INFOPLIST_KEY_UIApplicationSupportsIndirectInputEvents = YES;
				INFOPLIST_KEY_UILaunchStoryboardName = LaunchScreen;
				INFOPLIST_KEY_UIMainStoryboardFile = Main;
				INFOPLIST_KEY_UISupportedInterfaceOrientations_iPad = "UIInterfaceOrientationPortrait UIInterfaceOrientationPortraitUpsideDown UIInterfaceOrientationLandscapeLeft UIInterfaceOrientationLandscapeRight";
				INFOPLIST_KEY_UISupportedInterfaceOrientations_iPhone = "UIInterfaceOrientationPortrait UIInterfaceOrientationLandscapeLeft UIInterfaceOrientationLandscapeRight";
				LD_RUNPATH_SEARCH_PATHS = (
					"$(inherited)",
					"@executable_path/Frameworks",
				);
				MARKETING_VERSION = 1.0;
				PRODUCT_BUNDLE_IDENTIFIER = "reut.Pill-Reminder";
				PRODUCT_NAME = "$(TARGET_NAME)";
				SWIFT_EMIT_LOC_STRINGS = YES;
				SWIFT_VERSION = 5.0;
				TARGETED_DEVICE_FAMILY = "1,2";
			};
			name = Debug;
		};
		654782E52BFF19C300018A55 /* Release */ = {
			isa = XCBuildConfiguration;
			baseConfigurationReference = 74178BB02A19391E9903A000 /* Pods-Pill_Reminder.release.xcconfig */;
			buildSettings = {
				ASSETCATALOG_COMPILER_APPICON_NAME = AppIcon;
				ASSETCATALOG_COMPILER_GLOBAL_ACCENT_COLOR_NAME = AccentColor;
				CODE_SIGN_STYLE = Automatic;
				CURRENT_PROJECT_VERSION = 1;
				DEVELOPMENT_TEAM = TM9C7U8JJD;
				ENABLE_USER_SCRIPT_SANDBOXING = NO;
				GENERATE_INFOPLIST_FILE = YES;
				INFOPLIST_FILE = Pill_Reminder/Info.plist;
				INFOPLIST_KEY_UIApplicationSupportsIndirectInputEvents = YES;
				INFOPLIST_KEY_UILaunchStoryboardName = LaunchScreen;
				INFOPLIST_KEY_UIMainStoryboardFile = Main;
				INFOPLIST_KEY_UISupportedInterfaceOrientations_iPad = "UIInterfaceOrientationPortrait UIInterfaceOrientationPortraitUpsideDown UIInterfaceOrientationLandscapeLeft UIInterfaceOrientationLandscapeRight";
				INFOPLIST_KEY_UISupportedInterfaceOrientations_iPhone = "UIInterfaceOrientationPortrait UIInterfaceOrientationLandscapeLeft UIInterfaceOrientationLandscapeRight";
				LD_RUNPATH_SEARCH_PATHS = (
					"$(inherited)",
					"@executable_path/Frameworks",
				);
				MARKETING_VERSION = 1.0;
				PRODUCT_BUNDLE_IDENTIFIER = "reut.Pill-Reminder";
				PRODUCT_NAME = "$(TARGET_NAME)";
				SWIFT_EMIT_LOC_STRINGS = YES;
				SWIFT_VERSION = 5.0;
				TARGETED_DEVICE_FAMILY = "1,2";
			};
			name = Release;
		};
/* End XCBuildConfiguration section */

/* Begin XCConfigurationList section */
		654782CA2BFF19C100018A55 /* Build configuration list for PBXProject "Pill_Reminder" */ = {
			isa = XCConfigurationList;
			buildConfigurations = (
				654782E12BFF19C300018A55 /* Debug */,
				654782E22BFF19C300018A55 /* Release */,
			);
			defaultConfigurationIsVisible = 0;
			defaultConfigurationName = Release;
		};
		654782E32BFF19C300018A55 /* Build configuration list for PBXNativeTarget "Pill_Reminder" */ = {
			isa = XCConfigurationList;
			buildConfigurations = (
				654782E42BFF19C300018A55 /* Debug */,
				654782E52BFF19C300018A55 /* Release */,
			);
			defaultConfigurationIsVisible = 0;
			defaultConfigurationName = Release;
		};
/* End XCConfigurationList section */
	};
	rootObject = 654782C72BFF19C100018A55 /* Project object */;
}
