PODS:
  - Realm (10.52.1):
    - Realm/Headers (= 10.52.1)
  - Realm/Headers (10.52.1)
  - RealmSwift (10.52.1):
    - Realm (= 10.52.1)

DEPENDENCIES:
  - RealmSwift

SPEC REPOS:
  trunk:
    - Realm
    - RealmSwift

SPEC CHECKSUMS:
  Realm: 5b0f6fe519911831fff94e6e6fba8fd404fa20ed
  RealmSwift: 6963a458f4f5f3f0df5cca69dece5c802c7b7cad

PODFILE CHECKSUM: f7665eaf53de3bbe71961a82fb605ce98d4583df

COCOAPODS: 1.15.2
